<Solution>
  <Project Path="HelloOrleons.Api/HelloOrleons.Api.csproj" />
  <Project Path="HelloOrleons.AppHost/HelloOrleons.AppHost.csproj" />
  <Project Path="HelloOrleons.ServiceDefaults/HelloOrleons.ServiceDefaults.csproj" />
  <Project Path="HelloOrleons.Tests/HelloOrleons.Tests.csproj" />
</Solution>
